PODS:
  - AWSCognito (2.12.3):
    - AWSCore (= 2.12.3)
  - AWSCore (2.12.3)
  - AWSS3 (2.12.3):
    - AWSCore (= 2.12.3)
  - MBProgressHUD (1.1.0)
  - ProgressHUD (2.70)

DEPENDENCIES:
  - AWSCognito
  - AWSCore
  - AWSS3
  - MBProgressHUD (~> 1.1.0)
  - ProgressHUD

SPEC REPOS:
  trunk:
    - AWSCognito
    - AWSCore
    - AWSS3
    - MBProgressHUD
    - ProgressHUD

SPEC CHECKSUMS:
  AWSCognito: 32fb164c537b27794ce6f049e2d036f9e915f896
  AWSCore: a4b4aeb414bdfd55a5e8879adb4985c46da157d6
  AWSS3: 511a7b646572686c7e193aa19bd6a5cc43ec2977
  MBProgressHUD: e7baa36a220447d8aeb12769bf0585582f3866d9
  ProgressHUD: e603e8b8622c47d8818b9fb38b3cfe9d3e7ca421

PODFILE CHECKSUM: ea28d43db2f8579473ba3f78b3716a7bd9b87867

COCOAPODS: 1.8.4
